Microsoft Visual Studio Solution File, Format Version 11.00
# Visual Studio 2008

Project("{246936C6-7F96-1E8F-BFA3-C472E1FEF7F5}") = "CoffeeShop", "Assembly-CSharp.csproj", "{A1493ED7-409C-D85F-7A63-D342B51D513A}"
EndProject
Global
	GlobalSection(SolutionConfigurationPlatforms) = preSolution
		Debug|Any CPU = Debug|Any CPU
		Release|Any CPU = Release|Any CPU
	EndGlobalSection
	GlobalSection(ProjectConfigurationPlatforms) = postSolution
		{A1493ED7-409C-D85F-7A63-D342B51D513A}.Debug|Any CPU.ActiveCfg = Debug|Any CPU
		{A1493ED7-409C-D85F-7A63-D342B51D513A}.Debug|Any CPU.Build.0 = Debug|Any CPU
		{A1493ED7-409C-D85F-7A63-D342B51D513A}.Release|Any CPU.ActiveCfg = Release|Any CPU
		{A1493ED7-409C-D85F-7A63-D342B51D513A}.Release|Any CPU.Build.0 = Release|Any CPU
	EndGlobalSection
	GlobalSection(SolutionProperties) = preSolution
		HideSolutionNode = FALSE
	EndGlobalSection
	GlobalSection(MonoDevelopProperties) = preSolution
		StartupItem = Assembly-CSharp.csproj
	EndGlobalSection
EndGlobal
